// !$*UTF8*$!
{
	archiveVersion = 1;
	classes = {
	};
	objectVersion = 56;
	objects = {

/* Begin PBXBuildFile section */
		16AD95D62A82C60B00FE45DD /* AppDelegate.m in Sources */ = {isa = PBXBuildFile; fileRef = 16AD95D52A82C60B00FE45DD /* AppDelegate.m */; };
		16AD95D92A82C60B00FE45DD /* ViewController.m in Sources */ = {isa = PBXBuildFile; fileRef = 16AD95D82A82C60B00FE45DD /* ViewController.m */; };
		16AD95DB2A82C60C00FE45DD /* Assets.xcassets in Resources */ = {isa = PBXBuildFile; fileRef = 16AD95DA2A82C60C00FE45DD /* Assets.xcassets */; };
		16AD95DE2A82C60C00FE45DD /* Main.storyboard in Resources */ = {isa = PBXBuildFile; fileRef = 16AD95DC2A82C60C00FE45DD /* Main.storyboard */; };
		16AD95E02A82C60C00FE45DD /* main.m in Sources */ = {isa = PBXBuildFile; fileRef = 16AD95DF2A82C60C00FE45DD /* main.m */; };
		16AD95E92A82C63200FE45DD /* OpenGL.framework in Frameworks */ = {isa = PBXBuildFile; fileRef = 16AD95E82A82C63200FE45DD /* OpenGL.framework */; };
		16AD95EC2A82C64000FE45DD /* ATTAOpenGLView.m in Sources */ = {isa = PBXBuildFile; fileRef = 16AD95EB2A82C64000FE45DD /* ATTAOpenGLView.m */; };
/* End PBXBuildFile section */

/* Begin PBXFileReference section */
		16AD95D12A82C60B00FE45DD /* ATTAOpenGL.app */ = {isa = PBXFileReference; explicitFileType = wrapper.application; includeInIndex = 0; path = ATTAOpenGL.app; sourceTree = BUILT_PRODUCTS_DIR; };
		16AD95D42A82C60B00FE45DD /* AppDelegate.h */ = {isa = PBXFileReference; lastKnownFileType = sourcecode.c.h; path = AppDelegate.h; sourceTree = "<group>"; };
		16AD95D52A82C60B00FE45DD /* AppDelegate.m */ = {isa = PBXFileReference; lastKnownFileType = sourcecode.c.objc; path = AppDelegate.m; sourceTree = "<group>"; };
		16AD95D72A82C60B00FE45DD /* ViewController.h */ = {isa = PBXFileReference; lastKnownFileType = sourcecode.c.h; path = ViewController.h; sourceTree = "<group>"; };
		16AD95D82A82C60B00FE45DD /* ViewController.m */ = {isa = PBXFileReference; lastKnownFileType = sourcecode.c.objc; path = ViewController.m; sourceTree = "<group>"; };
		16AD95DA2A82C60C00FE45DD /* Assets.xcassets */ = {isa = PBXFileReference; lastKnownFileType = folder.assetcatalog; path = Assets.xcassets; sourceTree = "<group>"; };
		16AD95DD2A82C60C00FE45DD /* Base */ = {isa = PBXFileReference; lastKnownFileType = file.storyboard; name = Base; path = Base.lproj/Main.storyboard; sourceTree = "<group>"; };
		16AD95DF2A82C60C00FE45DD /* main.m */ = {isa = PBXFileReference; lastKnownFileType = sourcecode.c.objc; path = main.m; sourceTree = "<group>"; };
		16AD95E12A82C60C00FE45DD /* ATTAOpenGL.entitlements */ = {isa = PBXFileReference; lastKnownFileType = text.plist.entitlements; path = ATTAOpenGL.entitlements; sourceTree = "<group>"; };
		16AD95E82A82C63200FE45DD /* OpenGL.framework */ = {isa = PBXFileReference; lastKnownFileType = wrapper.framework; name = OpenGL.framework; path = System/Library/Frameworks/OpenGL.framework; sourceTree = SDKROOT; };
		16AD95EA2A82C63C00FE45DD /* ATTAOpenGLView.h */ = {isa = PBXFileReference; lastKnownFileType = sourcecode.c.h; path = ATTAOpenGLView.h; sourceTree = "<group>"; };
		16AD95EB2A82C64000FE45DD /* ATTAOpenGLView.m */ = {isa = PBXFileReference; lastKnownFileType = sourcecode.c.objc; path = ATTAOpenGLView.m; sourceTree = "<group>"; };
/* End PBXFileReference section */

/* Begin PBXFrameworksBuildPhase section */
		16AD95CE2A82C60B00FE45DD /* Frameworks */ = {
			isa = PBXFrameworksBuildPhase;
			buildActionMask = 2147483647;
			files = (
				16AD95E92A82C63200FE45DD /* OpenGL.framework in Frameworks */,
			);
			runOnlyForDeploymentPostprocessing = 0;
		};
/* End PBXFrameworksBuildPhase section */

/* Begin PBXGroup section */
		16AD95C82A82C60B00FE45DD = {
			isa = PBXGroup;
			children = (
				16AD95D32A82C60B00FE45DD /* ATTAOpenGL */,
				16AD95D22A82C60B00FE45DD /* Products */,
				16AD95E72A82C63200FE45DD /* Frameworks */,
			);
			sourceTree = "<group>";
		};
		16AD95D22A82C60B00FE45DD /* Products */ = {
			isa = PBXGroup;
			children = (
				16AD95D12A82C60B00FE45DD /* ATTAOpenGL.app */,
			);
			name = Products;
			sourceTree = "<group>";
		};
		16AD95D32A82C60B00FE45DD /* ATTAOpenGL */ = {
			isa = PBXGroup;
			children = (
				16AD95D42A82C60B00FE45DD /* AppDelegate.h */,
				16AD95D52A82C60B00FE45DD /* AppDelegate.m */,
				16AD95EA2A82C63C00FE45DD /* ATTAOpenGLView.h */,
				16AD95EB2A82C64000FE45DD /* ATTAOpenGLView.m */,
				16AD95D72A82C60B00FE45DD /* ViewController.h */,
				16AD95D82A82C60B00FE45DD /* ViewController.m */,
				16AD95DA2A82C60C00FE45DD /* Assets.xcassets */,
				16AD95DC2A82C60C00FE45DD /* Main.storyboard */,
				16AD95DF2A82C60C00FE45DD /* main.m */,
				16AD95E12A82C60C00FE45DD /* ATTAOpenGL.entitlements */,
			);
			path = ATTAOpenGL;
			sourceTree = "<group>";
		};
		16AD95E72A82C63200FE45DD /* Frameworks */ = {
			isa = PBXGroup;
			children = (
				16AD95E82A82C63200FE45DD /* OpenGL.framework */,
			);
			name = Frameworks;
			sourceTree = "<group>";
		};
/* End PBXGroup section */

/* Begin PBXNativeTarget section */
		16AD95D02A82C60B00FE45DD /* ATTAOpenGL */ = {
			isa = PBXNativeTarget;
			buildConfigurationList = 16AD95E42A82C60C00FE45DD /* Build configuration list for PBXNativeTarget "ATTAOpenGL" */;
			buildPhases = (
				16AD95CD2A82C60B00FE45DD /* Sources */,
				16AD95CE2A82C60B00FE45DD /* Frameworks */,
				16AD95CF2A82C60B00FE45DD /* Resources */,
			);
			buildRules = (
			);
			dependencies = (
			);
			name = ATTAOpenGL;
			productName = ATTAOpenGL;
			productReference = 16AD95D12A82C60B00FE45DD /* ATTAOpenGL.app */;
			productType = "com.apple.product-type.application";
		};
/* End PBXNativeTarget section */

/* Begin PBXProject section */
		16AD95C92A82C60B00FE45DD /* Project object */ = {
			isa = PBXProject;
			attributes = {
				BuildIndependentTargetsInParallel = 1;
				LastUpgradeCheck = 1430;
				TargetAttributes = {
					16AD95D02A82C60B00FE45DD = {
						CreatedOnToolsVersion = 14.3.1;
					};
				};
			};
			buildConfigurationList = 16AD95CC2A82C60B00FE45DD /* Build configuration list for PBXProject "ATTAOpenGL" */;
			compatibilityVersion = "Xcode 14.0";
			developmentRegion = en;
			hasScannedForEncodings = 0;
			knownRegions = (
				en,
				Base,
			);
			mainGroup = 16AD95C82A82C60B00FE45DD;
			productRefGroup = 16AD95D22A82C60B00FE45DD /* Products */;
			projectDirPath = "";
			projectRoot = "";
			targets = (
				16AD95D02A82C60B00FE45DD /* ATTAOpenGL */,
			);
		};
/* End PBXProject section */

/* Begin PBXResourcesBuildPhase section */
		16AD95CF2A82C60B00FE45DD /* Resources */ = {
			isa = PBXResourcesBuildPhase;
			buildActionMask = 2147483647;
			files = (
				16AD95DB2A82C60C00FE45DD /* Assets.xcassets in Resources */,
				16AD95DE2A82C60C00FE45DD /* Main.storyboard in Resources */,
			);
			runOnlyForDeploymentPostprocessing = 0;
		};
/* End PBXResourcesBuildPhase section */

/* Begin PBXSourcesBuildPhase section */
		16AD95CD2A82C60B00FE45DD /* Sources */ = {
			isa = PBXSourcesBuildPhase;
			buildActionMask = 2147483647;
			files = (
				16AD95D92A82C60B00FE45DD /* ViewController.m in Sources */,
				16AD95EC2A82C64000FE45DD /* ATTAOpenGLView.m in Sources */,
				16AD95E02A82C60C00FE45DD /* main.m in Sources */,
				16AD95D62A82C60B00FE45DD /* AppDelegate.m in Sources */,
			);
			runOnlyForDeploymentPostprocessing = 0;
		};
/* End PBXSourcesBuildPhase section */

/* Begin PBXVariantGroup section */
		16AD95DC2A82C60C00FE45DD /* Main.storyboard */ = {
			isa = PBXVariantGroup;
			children = (
				16AD95DD2A82C60C00FE45DD /* Base */,
			);
			name = Main.storyboard;
			sourceTree = "<group>";
		};
/* End PBXVariantGroup section */

/* Begin XCBuildConfiguration section */
		16AD95E22A82C60C00FE45DD /* Debug */ = {
			isa = XCBuildConfiguration;
			buildSettings = {
				ALWAYS_SEARCH_USER_PATHS = NO;
				CLANG_ANALYZER_NONNULL = YES;
				CLANG_ANALYZER_NUMBER_OBJECT_CONVERSION = YES_AGGRESSIVE;
				CLANG_CXX_LANGUAGE_STANDARD = "gnu++20";
				CLANG_ENABLE_MODULES = YES;
				CLANG_ENABLE_OBJC_ARC = YES;
				CLANG_ENABLE_OBJC_WEAK = YES;
				CLANG_WARN_BLOCK_CAPTURE_AUTORELEASING = YES;
				CLANG_WARN_BOOL_CONVERSION = YES;
				CLANG_WARN_COMMA = YES;
				CLANG_WARN_CONSTANT_CONVERSION = YES;
				CLANG_WARN_DEPRECATED_OBJC_IMPLEMENTATIONS = YES;
				CLANG_WARN_DIRECT_OBJC_ISA_USAGE = YES_ERROR;
				CLANG_WARN_DOCUMENTATION_COMMENTS = YES;
				CLANG_WARN_EMPTY_BODY = YES;
				CLANG_WARN_ENUM_CONVERSION = YES;
				CLANG_WARN_INFINITE_RECURSION = YES;
				CLANG_WARN_INT_CONVERSION = YES;
				CLANG_WARN_NON_LITERAL_NULL_CONVERSION = YES;
				CLANG_WARN_OBJC_IMPLICIT_RETAIN_SELF = YES;
				CLANG_WARN_OBJC_LITERAL_CONVERSION = YES;
				CLANG_WARN_OBJC_ROOT_CLASS = YES_ERROR;
				CLANG_WARN_QUOTED_INCLUDE_IN_FRAMEWORK_HEADER = YES;
				CLANG_WARN_RANGE_LOOP_ANALYSIS = YES;
				CLANG_WARN_STRICT_PROTOTYPES = YES;
				CLANG_WARN_SUSPICIOUS_MOVE = YES;
				CLANG_WARN_UNGUARDED_AVAILABILITY = YES_AGGRESSIVE;
				CLANG_WARN_UNREACHABLE_CODE = YES;
				CLANG_WARN__DUPLICATE_METHOD_MATCH = YES;
				COPY_PHASE_STRIP = NO;
				DEBUG_INFORMATION_FORMAT = dwarf;
				ENABLE_STRICT_OBJC_MSGSEND = YES;
				ENABLE_TESTABILITY = YES;
				GCC_C_LANGUAGE_STANDARD = gnu11;
				GCC_DYNAMIC_NO_PIC = NO;
				GCC_NO_COMMON_BLOCKS = YES;
				GCC_OPTIMIZATION_LEVEL = 0;
				GCC_PREPROCESSOR_DEFINITIONS = (
					"DEBUG=1",
					"$(inherited)",
				);
				GCC_WARN_64_TO_32_BIT_CONVERSION = YES;
				GCC_WARN_ABOUT_RETURN_TYPE = YES_ERROR;
				GCC_WARN_UNDECLARED_SELECTOR = YES;
				GCC_WARN_UNINITIALIZED_AUTOS = YES_AGGRESSIVE;
				GCC_WARN_UNUSED_FUNCTION = YES;
				GCC_WARN_UNUSED_VARIABLE = YES;
				MACOSX_DEPLOYMENT_TARGET = 13.1;
				MTL_ENABLE_DEBUG_INFO = INCLUDE_SOURCE;
				MTL_FAST_MATH = YES;
				ONLY_ACTIVE_ARCH = YES;
				SDKROOT = macosx;
			};
			name = Debug;
		};
		16AD95E32A82C60C00FE45DD /* Release */ = {
			isa = XCBuildConfiguration;
			buildSettings = {
				ALWAYS_SEARCH_USER_PATHS = NO;
				CLANG_ANALYZER_NONNULL = YES;
				CLANG_ANALYZER_NUMBER_OBJECT_CONVERSION = YES_AGGRESSIVE;
				CLANG_CXX_LANGUAGE_STANDARD = "gnu++20";
				CLANG_ENABLE_MODULES = YES;
				CLANG_ENABLE_OBJC_ARC = YES;
				CLANG_ENABLE_OBJC_WEAK = YES;
				CLANG_WARN_BLOCK_CAPTURE_AUTORELEASING = YES;
				CLANG_WARN_BOOL_CONVERSION = YES;
				CLANG_WARN_COMMA = YES;
				CLANG_WARN_CONSTANT_CONVERSION = YES;
				CLANG_WARN_DEPRECATED_OBJC_IMPLEMENTATIONS = YES;
				CLANG_WARN_DIRECT_OBJC_ISA_USAGE = YES_ERROR;
				CLANG_WARN_DOCUMENTATION_COMMENTS = YES;
				CLANG_WARN_EMPTY_BODY = YES;
				CLANG_WARN_ENUM_CONVERSION = YES;
				CLANG_WARN_INFINITE_RECURSION = YES;
				CLANG_WARN_INT_CONVERSION = YES;
				CLANG_WARN_NON_LITERAL_NULL_CONVERSION = YES;
				CLANG_WARN_OBJC_IMPLICIT_RETAIN_SELF = YES;
				CLANG_WARN_OBJC_LITERAL_CONVERSION = YES;
				CLANG_WARN_OBJC_ROOT_CLASS = YES_ERROR;
				CLANG_WARN_QUOTED_INCLUDE_IN_FRAMEWORK_HEADER = YES;
				CLANG_WARN_RANGE_LOOP_ANALYSIS = YES;
				CLANG_WARN_STRICT_PROTOTYPES = YES;
				CLANG_WARN_SUSPICIOUS_MOVE = YES;
				CLANG_WARN_UNGUARDED_AVAILABILITY = YES_AGGRESSIVE;
				CLANG_WARN_UNREACHABLE_CODE = YES;
				CLANG_WARN__DUPLICATE_METHOD_MATCH = YES;
				COPY_PHASE_STRIP = NO;
				DEBUG_INFORMATION_FORMAT = "dwarf-with-dsym";
				ENABLE_NS_ASSERTIONS = NO;
				ENABLE_STRICT_OBJC_MSGSEND = YES;
				GCC_C_LANGUAGE_STANDARD = gnu11;
				GCC_NO_COMMON_BLOCKS = YES;
				GCC_WARN_64_TO_32_BIT_CONVERSION = YES;
				GCC_WARN_ABOUT_RETURN_TYPE = YES_ERROR;
				GCC_WARN_UNDECLARED_SELECTOR = YES;
				GCC_WARN_UNINITIALIZED_AUTOS = YES_AGGRESSIVE;
				GCC_WARN_UNUSED_FUNCTION = YES;
				GCC_WARN_UNUSED_VARIABLE = YES;
				MACOSX_DEPLOYMENT_TARGET = 13.1;
				MTL_ENABLE_DEBUG_INFO = NO;
				MTL_FAST_MATH = YES;
				SDKROOT = macosx;
			};
			name = Release;
		};
		16AD95E52A82C60C00FE45DD /* Debug */ = {
			isa = XCBuildConfiguration;
			buildSettings = {
				ASSETCATALOG_COMPILER_APPICON_NAME = AppIcon;
				ASSETCATALOG_COMPILER_GLOBAL_ACCENT_COLOR_NAME = AccentColor;
				CODE_SIGN_ENTITLEMENTS = ATTAOpenGL/ATTAOpenGL.entitlements;
				CODE_SIGN_STYLE = Automatic;
				COMBINE_HIDPI_IMAGES = YES;
				CURRENT_PROJECT_VERSION = 1;
				GENERATE_INFOPLIST_FILE = YES;
				INFOPLIST_KEY_NSHumanReadableCopyright = "";
				INFOPLIST_KEY_NSMainStoryboardFile = Main;
				INFOPLIST_KEY_NSPrincipalClass = NSApplication;
				LD_RUNPATH_SEARCH_PATHS = (
					"$(inherited)",
					"@executable_path/../Frameworks",
				);
				MARKETING_VERSION = 1.0;
				OTHER_CFLAGS = "-DGL_SILENCE_DEPRECATION";
				PRODUCT_BUNDLE_IDENTIFIER = com.jacob.ATTAOpenGL;
				PRODUCT_NAME = "$(TARGET_NAME)";
				SWIFT_EMIT_LOC_STRINGS = YES;
			};
			name = Debug;
		};
		16AD95E62A82C60C00FE45DD /* Release */ = {
			isa = XCBuildConfiguration;
			buildSettings = {
				ASSETCATALOG_COMPILER_APPICON_NAME = AppIcon;
				ASSETCATALOG_COMPILER_GLOBAL_ACCENT_COLOR_NAME = AccentColor;
				CODE_SIGN_ENTITLEMENTS = ATTAOpenGL/ATTAOpenGL.entitlements;
				CODE_SIGN_STYLE = Automatic;
				COMBINE_HIDPI_IMAGES = YES;
				CURRENT_PROJECT_VERSION = 1;
				GENERATE_INFOPLIST_FILE = YES;
				INFOPLIST_KEY_NSHumanReadableCopyright = "";
				INFOPLIST_KEY_NSMainStoryboardFile = Main;
				INFOPLIST_KEY_NSPrincipalClass = NSApplication;
				LD_RUNPATH_SEARCH_PATHS = (
					"$(inherited)",
					"@executable_path/../Frameworks",
				);
				MARKETING_VERSION = 1.0;
				OTHER_CFLAGS = "-DGL_SILENCE_DEPRECATION";
				PRODUCT_BUNDLE_IDENTIFIER = com.jacob.ATTAOpenGL;
				PRODUCT_NAME = "$(TARGET_NAME)";
				SWIFT_EMIT_LOC_STRINGS = YES;
			};
			name = Release;
		};
/* End XCBuildConfiguration section */

/* Begin XCConfigurationList section */
		16AD95CC2A82C60B00FE45DD /* Build configuration list for PBXProject "ATTAOpenGL" */ = {
			isa = XCConfigurationList;
			buildConfigurations = (
				16AD95E22A82C60C00FE45DD /* Debug */,
				16AD95E32A82C60C00FE45DD /* Release */,
			);
			defaultConfigurationIsVisible = 0;
			defaultConfigurationName = Release;
		};
		16AD95E42A82C60C00FE45DD /* Build configuration list for PBXNativeTarget "ATTAOpenGL" */ = {
			isa = XCConfigurationList;
			buildConfigurations = (
				16AD95E52A82C60C00FE45DD /* Debug */,
				16AD95E62A82C60C00FE45DD /* Release */,
			);
			defaultConfigurationIsVisible = 0;
			defaultConfigurationName = Release;
		};
/* End XCConfigurationList section */
	};
	rootObject = 16AD95C92A82C60B00FE45DD /* Project object */;
}
