// !$*UTF8*$!
{
	archiveVersion = 1;
	classes = {
	};
	objectVersion = 56;
	objects = {

/* Begin PBXBuildFile section */
		1635B2302A842C45007B82AE /* AppDelegate.swift in Sources */ = {isa = PBXBuildFile; fileRef = 1635B22F2A842C45007B82AE /* AppDelegate.swift */; };
		1635B2322A842C45007B82AE /* SceneDelegate.swift in Sources */ = {isa = PBXBuildFile; fileRef = 1635B2312A842C45007B82AE /* SceneDelegate.swift */; };
		1635B2342A842C45007B82AE /* ViewController.swift in Sources */ = {isa = PBXBuildFile; fileRef = 1635B2332A842C45007B82AE /* ViewController.swift */; };
		1635B2372A842C45007B82AE /* Main.storyboard in Resources */ = {isa = PBXBuildFile; fileRef = 1635B2352A842C45007B82AE /* Main.storyboard */; };
		1635B2392A842C45007B82AE /* Assets.xcassets in Resources */ = {isa = PBXBuildFile; fileRef = 1635B2382A842C45007B82AE /* Assets.xcassets */; };
		1635B23C2A842C45007B82AE /* LaunchScreen.storyboard in Resources */ = {isa = PBXBuildFile; fileRef = 1635B23A2A842C45007B82AE /* LaunchScreen.storyboard */; };
		1635B2462A8431DE007B82AE /* Metal.framework in Frameworks */ = {isa = PBXBuildFile; fileRef = 1635B2442A8431DE007B82AE /* Metal.framework */; };
		1635B2472A8431DE007B82AE /* MetalKit.framework in Frameworks */ = {isa = PBXBuildFile; fileRef = 1635B2452A8431DE007B82AE /* MetalKit.framework */; };
		1635B2492A8431E3007B82AE /* MetalView.swift in Sources */ = {isa = PBXBuildFile; fileRef = 1635B2482A8431E3007B82AE /* MetalView.swift */; };
		169D404F2A855BF2006368EA /* Shaders.metal in Sources */ = {isa = PBXBuildFile; fileRef = 169D404E2A855BF2006368EA /* Shaders.metal */; };
/* End PBXBuildFile section */

/* Begin PBXFileReference section */
		1635B22C2A842C45007B82AE /* ATTAMetal.app */ = {isa = PBXFileReference; explicitFileType = wrapper.application; includeInIndex = 0; path = ATTAMetal.app; sourceTree = BUILT_PRODUCTS_DIR; };
		1635B22F2A842C45007B82AE /* AppDelegate.swift */ = {isa = PBXFileReference; lastKnownFileType = sourcecode.swift; path = AppDelegate.swift; sourceTree = "<group>"; };
		1635B2312A842C45007B82AE /* SceneDelegate.swift */ = {isa = PBXFileReference; lastKnownFileType = sourcecode.swift; path = SceneDelegate.swift; sourceTree = "<group>"; };
		1635B2332A842C45007B82AE /* ViewController.swift */ = {isa = PBXFileReference; lastKnownFileType = sourcecode.swift; path = ViewController.swift; sourceTree = "<group>"; };
		1635B2362A842C45007B82AE /* Base */ = {isa = PBXFileReference; lastKnownFileType = file.storyboard; name = Base; path = Base.lproj/Main.storyboard; sourceTree = "<group>"; };
		1635B2382A842C45007B82AE /* Assets.xcassets */ = {isa = PBXFileReference; lastKnownFileType = folder.assetcatalog; path = Assets.xcassets; sourceTree = "<group>"; };
		1635B23B2A842C45007B82AE /* Base */ = {isa = PBXFileReference; lastKnownFileType = file.storyboard; name = Base; path = Base.lproj/LaunchScreen.storyboard; sourceTree = "<group>"; };
		1635B23D2A842C45007B82AE /* Info.plist */ = {isa = PBXFileReference; lastKnownFileType = text.plist.xml; path = Info.plist; sourceTree = "<group>"; };
		1635B2442A8431DE007B82AE /* Metal.framework */ = {isa = PBXFileReference; lastKnownFileType = wrapper.framework; name = Metal.framework; path = System/Library/Frameworks/Metal.framework; sourceTree = SDKROOT; };
		1635B2452A8431DE007B82AE /* MetalKit.framework */ = {isa = PBXFileReference; lastKnownFileType = wrapper.framework; name = MetalKit.framework; path = System/Library/Frameworks/MetalKit.framework; sourceTree = SDKROOT; };
		1635B2482A8431E3007B82AE /* MetalView.swift */ = {isa = PBXFileReference; lastKnownFileType = sourcecode.swift; path = MetalView.swift; sourceTree = "<group>"; };
		169D404E2A855BF2006368EA /* Shaders.metal */ = {isa = PBXFileReference; lastKnownFileType = sourcecode.metal; path = Shaders.metal; sourceTree = "<group>"; };
/* End PBXFileReference section */

/* Begin PBXFrameworksBuildPhase section */
		1635B2292A842C45007B82AE /* Frameworks */ = {
			isa = PBXFrameworksBuildPhase;
			buildActionMask = 2147483647;
			files = (
				1635B2462A8431DE007B82AE /* Metal.framework in Frameworks */,
				1635B2472A8431DE007B82AE /* MetalKit.framework in Frameworks */,
			);
			runOnlyForDeploymentPostprocessing = 0;
		};
/* End PBXFrameworksBuildPhase section */

/* Begin PBXGroup section */
		1635B2232A842C45007B82AE = {
			isa = PBXGroup;
			children = (
				1635B22E2A842C45007B82AE /* ATTAMetal */,
				1635B22D2A842C45007B82AE /* Products */,
				1635B2432A8431DD007B82AE /* Frameworks */,
			);
			sourceTree = "<group>";
		};
		1635B22D2A842C45007B82AE /* Products */ = {
			isa = PBXGroup;
			children = (
				1635B22C2A842C45007B82AE /* ATTAMetal.app */,
			);
			name = Products;
			sourceTree = "<group>";
		};
		1635B22E2A842C45007B82AE /* ATTAMetal */ = {
			isa = PBXGroup;
			children = (
				1635B22F2A842C45007B82AE /* AppDelegate.swift */,
				1635B2312A842C45007B82AE /* SceneDelegate.swift */,
				1635B2332A842C45007B82AE /* ViewController.swift */,
				1635B2482A8431E3007B82AE /* MetalView.swift */,
				169D404E2A855BF2006368EA /* Shaders.metal */,
				1635B2352A842C45007B82AE /* Main.storyboard */,
				1635B2382A842C45007B82AE /* Assets.xcassets */,
				1635B23A2A842C45007B82AE /* LaunchScreen.storyboard */,
				1635B23D2A842C45007B82AE /* Info.plist */,
			);
			path = ATTAMetal;
			sourceTree = "<group>";
		};
		1635B2432A8431DD007B82AE /* Frameworks */ = {
			isa = PBXGroup;
			children = (
				1635B2442A8431DE007B82AE /* Metal.framework */,
				1635B2452A8431DE007B82AE /* MetalKit.framework */,
			);
			name = Frameworks;
			sourceTree = "<group>";
		};
/* End PBXGroup section */

/* Begin PBXNativeTarget section */
		1635B22B2A842C45007B82AE /* ATTAMetal */ = {
			isa = PBXNativeTarget;
			buildConfigurationList = 1635B2402A842C45007B82AE /* Build configuration list for PBXNativeTarget "ATTAMetal" */;
			buildPhases = (
				1635B2282A842C45007B82AE /* Sources */,
				1635B2292A842C45007B82AE /* Frameworks */,
				1635B22A2A842C45007B82AE /* Resources */,
			);
			buildRules = (
			);
			dependencies = (
			);
			name = ATTAMetal;
			productName = ATTAMetal;
			productReference = 1635B22C2A842C45007B82AE /* ATTAMetal.app */;
			productType = "com.apple.product-type.application";
		};
/* End PBXNativeTarget section */

/* Begin PBXProject section */
		1635B2242A842C45007B82AE /* Project object */ = {
			isa = PBXProject;
			attributes = {
				BuildIndependentTargetsInParallel = 1;
				LastSwiftUpdateCheck = 1430;
				LastUpgradeCheck = 1430;
				TargetAttributes = {
					1635B22B2A842C45007B82AE = {
						CreatedOnToolsVersion = 14.3.1;
					};
				};
			};
			buildConfigurationList = 1635B2272A842C45007B82AE /* Build configuration list for PBXProject "ATTAMetal" */;
			compatibilityVersion = "Xcode 14.0";
			developmentRegion = en;
			hasScannedForEncodings = 0;
			knownRegions = (
				en,
				Base,
			);
			mainGroup = 1635B2232A842C45007B82AE;
			productRefGroup = 1635B22D2A842C45007B82AE /* Products */;
			projectDirPath = "";
			projectRoot = "";
			targets = (
				1635B22B2A842C45007B82AE /* ATTAMetal */,
			);
		};
/* End PBXProject section */

/* Begin PBXResourcesBuildPhase section */
		1635B22A2A842C45007B82AE /* Resources */ = {
			isa = PBXResourcesBuildPhase;
			buildActionMask = 2147483647;
			files = (
				1635B23C2A842C45007B82AE /* LaunchScreen.storyboard in Resources */,
				1635B2392A842C45007B82AE /* Assets.xcassets in Resources */,
				1635B2372A842C45007B82AE /* Main.storyboard in Resources */,
			);
			runOnlyForDeploymentPostprocessing = 0;
		};
/* End PBXResourcesBuildPhase section */

/* Begin PBXSourcesBuildPhase section */
		1635B2282A842C45007B82AE /* Sources */ = {
			isa = PBXSourcesBuildPhase;
			buildActionMask = 2147483647;
			files = (
				1635B2492A8431E3007B82AE /* MetalView.swift in Sources */,
				1635B2342A842C45007B82AE /* ViewController.swift in Sources */,
				1635B2302A842C45007B82AE /* AppDelegate.swift in Sources */,
				1635B2322A842C45007B82AE /* SceneDelegate.swift in Sources */,
				169D404F2A855BF2006368EA /* Shaders.metal in Sources */,
			);
			runOnlyForDeploymentPostprocessing = 0;
		};
/* End PBXSourcesBuildPhase section */

/* Begin PBXVariantGroup section */
		1635B2352A842C45007B82AE /* Main.storyboard */ = {
			isa = PBXVariantGroup;
			children = (
				1635B2362A842C45007B82AE /* Base */,
			);
			name = Main.storyboard;
			sourceTree = "<group>";
		};
		1635B23A2A842C45007B82AE /* LaunchScreen.storyboard */ = {
			isa = PBXVariantGroup;
			children = (
				1635B23B2A842C45007B82AE /* Base */,
			);
			name = LaunchScreen.storyboard;
			sourceTree = "<group>";
		};
/* End PBXVariantGroup section */

/* Begin XCBuildConfiguration section */
		1635B23E2A842C45007B82AE /* Debug */ = {
			isa = XCBuildConfiguration;
			buildSettings = {
				ALWAYS_SEARCH_USER_PATHS = NO;
				CLANG_ANALYZER_NONNULL = YES;
				CLANG_ANALYZER_NUMBER_OBJECT_CONVERSION = YES_AGGRESSIVE;
				CLANG_CXX_LANGUAGE_STANDARD = "gnu++20";
				CLANG_ENABLE_MODULES = YES;
				CLANG_ENABLE_OBJC_ARC = YES;
				CLANG_ENABLE_OBJC_WEAK = YES;
				CLANG_WARN_BLOCK_CAPTURE_AUTORELEASING = YES;
				CLANG_WARN_BOOL_CONVERSION = YES;
				CLANG_WARN_COMMA = YES;
				CLANG_WARN_CONSTANT_CONVERSION = YES;
				CLANG_WARN_DEPRECATED_OBJC_IMPLEMENTATIONS = YES;
				CLANG_WARN_DIRECT_OBJC_ISA_USAGE = YES_ERROR;
				CLANG_WARN_DOCUMENTATION_COMMENTS = YES;
				CLANG_WARN_EMPTY_BODY = YES;
				CLANG_WARN_ENUM_CONVERSION = YES;
				CLANG_WARN_INFINITE_RECURSION = YES;
				CLANG_WARN_INT_CONVERSION = YES;
				CLANG_WARN_NON_LITERAL_NULL_CONVERSION = YES;
				CLANG_WARN_OBJC_IMPLICIT_RETAIN_SELF = YES;
				CLANG_WARN_OBJC_LITERAL_CONVERSION = YES;
				CLANG_WARN_OBJC_ROOT_CLASS = YES_ERROR;
				CLANG_WARN_QUOTED_INCLUDE_IN_FRAMEWORK_HEADER = YES;
				CLANG_WARN_RANGE_LOOP_ANALYSIS = YES;
				CLANG_WARN_STRICT_PROTOTYPES = YES;
				CLANG_WARN_SUSPICIOUS_MOVE = YES;
				CLANG_WARN_UNGUARDED_AVAILABILITY = YES_AGGRESSIVE;
				CLANG_WARN_UNREACHABLE_CODE = YES;
				CLANG_WARN__DUPLICATE_METHOD_MATCH = YES;
				COPY_PHASE_STRIP = NO;
				DEBUG_INFORMATION_FORMAT = dwarf;
				ENABLE_STRICT_OBJC_MSGSEND = YES;
				ENABLE_TESTABILITY = YES;
				GCC_C_LANGUAGE_STANDARD = gnu11;
				GCC_DYNAMIC_NO_PIC = NO;
				GCC_NO_COMMON_BLOCKS = YES;
				GCC_OPTIMIZATION_LEVEL = 0;
				GCC_PREPROCESSOR_DEFINITIONS = (
					"DEBUG=1",
					"$(inherited)",
				);
				GCC_WARN_64_TO_32_BIT_CONVERSION = YES;
				GCC_WARN_ABOUT_RETURN_TYPE = YES_ERROR;
				GCC_WARN_UNDECLARED_SELECTOR = YES;
				GCC_WARN_UNINITIALIZED_AUTOS = YES_AGGRESSIVE;
				GCC_WARN_UNUSED_FUNCTION = YES;
				GCC_WARN_UNUSED_VARIABLE = YES;
				IPHONEOS_DEPLOYMENT_TARGET = 16.4;
				MTL_ENABLE_DEBUG_INFO = INCLUDE_SOURCE;
				MTL_FAST_MATH = YES;
				ONLY_ACTIVE_ARCH = YES;
				SDKROOT = iphoneos;
				SWIFT_ACTIVE_COMPILATION_CONDITIONS = DEBUG;
				SWIFT_OPTIMIZATION_LEVEL = "-Onone";
			};
			name = Debug;
		};
		1635B23F2A842C45007B82AE /* Release */ = {
			isa = XCBuildConfiguration;
			buildSettings = {
				ALWAYS_SEARCH_USER_PATHS = NO;
				CLANG_ANALYZER_NONNULL = YES;
				CLANG_ANALYZER_NUMBER_OBJECT_CONVERSION = YES_AGGRESSIVE;
				CLANG_CXX_LANGUAGE_STANDARD = "gnu++20";
				CLANG_ENABLE_MODULES = YES;
				CLANG_ENABLE_OBJC_ARC = YES;
				CLANG_ENABLE_OBJC_WEAK = YES;
				CLANG_WARN_BLOCK_CAPTURE_AUTORELEASING = YES;
				CLANG_WARN_BOOL_CONVERSION = YES;
				CLANG_WARN_COMMA = YES;
				CLANG_WARN_CONSTANT_CONVERSION = YES;
				CLANG_WARN_DEPRECATED_OBJC_IMPLEMENTATIONS = YES;
				CLANG_WARN_DIRECT_OBJC_ISA_USAGE = YES_ERROR;
				CLANG_WARN_DOCUMENTATION_COMMENTS = YES;
				CLANG_WARN_EMPTY_BODY = YES;
				CLANG_WARN_ENUM_CONVERSION = YES;
				CLANG_WARN_INFINITE_RECURSION = YES;
				CLANG_WARN_INT_CONVERSION = YES;
				CLANG_WARN_NON_LITERAL_NULL_CONVERSION = YES;
				CLANG_WARN_OBJC_IMPLICIT_RETAIN_SELF = YES;
				CLANG_WARN_OBJC_LITERAL_CONVERSION = YES;
				CLANG_WARN_OBJC_ROOT_CLASS = YES_ERROR;
				CLANG_WARN_QUOTED_INCLUDE_IN_FRAMEWORK_HEADER = YES;
				CLANG_WARN_RANGE_LOOP_ANALYSIS = YES;
				CLANG_WARN_STRICT_PROTOTYPES = YES;
				CLANG_WARN_SUSPICIOUS_MOVE = YES;
				CLANG_WARN_UNGUARDED_AVAILABILITY = YES_AGGRESSIVE;
				CLANG_WARN_UNREACHABLE_CODE = YES;
				CLANG_WARN__DUPLICATE_METHOD_MATCH = YES;
				COPY_PHASE_STRIP = NO;
				DEBUG_INFORMATION_FORMAT = "dwarf-with-dsym";
				ENABLE_NS_ASSERTIONS = NO;
				ENABLE_STRICT_OBJC_MSGSEND = YES;
				GCC_C_LANGUAGE_STANDARD = gnu11;
				GCC_NO_COMMON_BLOCKS = YES;
				GCC_WARN_64_TO_32_BIT_CONVERSION = YES;
				GCC_WARN_ABOUT_RETURN_TYPE = YES_ERROR;
				GCC_WARN_UNDECLARED_SELECTOR = YES;
				GCC_WARN_UNINITIALIZED_AUTOS = YES_AGGRESSIVE;
				GCC_WARN_UNUSED_FUNCTION = YES;
				GCC_WARN_UNUSED_VARIABLE = YES;
				IPHONEOS_DEPLOYMENT_TARGET = 16.4;
				MTL_ENABLE_DEBUG_INFO = NO;
				MTL_FAST_MATH = YES;
				SDKROOT = iphoneos;
				SWIFT_COMPILATION_MODE = wholemodule;
				SWIFT_OPTIMIZATION_LEVEL = "-O";
				VALIDATE_PRODUCT = YES;
			};
			name = Release;
		};
		1635B2412A842C45007B82AE /* Debug */ = {
			isa = XCBuildConfiguration;
			buildSettings = {
				ASSETCATALOG_COMPILER_APPICON_NAME = AppIcon;
				ASSETCATALOG_COMPILER_GLOBAL_ACCENT_COLOR_NAME = AccentColor;
				CODE_SIGN_STYLE = Automatic;
				CURRENT_PROJECT_VERSION = 1;
				GENERATE_INFOPLIST_FILE = YES;
				INFOPLIST_FILE = ATTAMetal/Info.plist;
				INFOPLIST_KEY_UIApplicationSupportsIndirectInputEvents = YES;
				INFOPLIST_KEY_UILaunchStoryboardName = LaunchScreen;
				INFOPLIST_KEY_UIMainStoryboardFile = Main;
				INFOPLIST_KEY_UISupportedInterfaceOrientations_iPad = "UIInterfaceOrientationPortrait UIInterfaceOrientationPortraitUpsideDown UIInterfaceOrientationLandscapeLeft UIInterfaceOrientationLandscapeRight";
				INFOPLIST_KEY_UISupportedInterfaceOrientations_iPhone = "UIInterfaceOrientationPortrait UIInterfaceOrientationLandscapeLeft UIInterfaceOrientationLandscapeRight";
				LD_RUNPATH_SEARCH_PATHS = (
					"$(inherited)",
					"@executable_path/Frameworks",
				);
				MARKETING_VERSION = 1.0;
				PRODUCT_BUNDLE_IDENTIFIER = com.jacob.ATTAMetal;
				PRODUCT_NAME = "$(TARGET_NAME)";
				SWIFT_EMIT_LOC_STRINGS = YES;
				SWIFT_VERSION = 5.0;
				TARGETED_DEVICE_FAMILY = "1,2";
			};
			name = Debug;
		};
		1635B2422A842C45007B82AE /* Release */ = {
			isa = XCBuildConfiguration;
			buildSettings = {
				ASSETCATALOG_COMPILER_APPICON_NAME = AppIcon;
				ASSETCATALOG_COMPILER_GLOBAL_ACCENT_COLOR_NAME = AccentColor;
				CODE_SIGN_STYLE = Automatic;
				CURRENT_PROJECT_VERSION = 1;
				GENERATE_INFOPLIST_FILE = YES;
				INFOPLIST_FILE = ATTAMetal/Info.plist;
				INFOPLIST_KEY_UIApplicationSupportsIndirectInputEvents = YES;
				INFOPLIST_KEY_UILaunchStoryboardName = LaunchScreen;
				INFOPLIST_KEY_UIMainStoryboardFile = Main;
				INFOPLIST_KEY_UISupportedInterfaceOrientations_iPad = "UIInterfaceOrientationPortrait UIInterfaceOrientationPortraitUpsideDown UIInterfaceOrientationLandscapeLeft UIInterfaceOrientationLandscapeRight";
				INFOPLIST_KEY_UISupportedInterfaceOrientations_iPhone = "UIInterfaceOrientationPortrait UIInterfaceOrientationLandscapeLeft UIInterfaceOrientationLandscapeRight";
				LD_RUNPATH_SEARCH_PATHS = (
					"$(inherited)",
					"@executable_path/Frameworks",
				);
				MARKETING_VERSION = 1.0;
				PRODUCT_BUNDLE_IDENTIFIER = com.jacob.ATTAMetal;
				PRODUCT_NAME = "$(TARGET_NAME)";
				SWIFT_EMIT_LOC_STRINGS = YES;
				SWIFT_VERSION = 5.0;
				TARGETED_DEVICE_FAMILY = "1,2";
			};
			name = Release;
		};
/* End XCBuildConfiguration section */

/* Begin XCConfigurationList section */
		1635B2272A842C45007B82AE /* Build configuration list for PBXProject "ATTAMetal" */ = {
			isa = XCConfigurationList;
			buildConfigurations = (
				1635B23E2A842C45007B82AE /* Debug */,
				1635B23F2A842C45007B82AE /* Release */,
			);
			defaultConfigurationIsVisible = 0;
			defaultConfigurationName = Release;
		};
		1635B2402A842C45007B82AE /* Build configuration list for PBXNativeTarget "ATTAMetal" */ = {
			isa = XCConfigurationList;
			buildConfigurations = (
				1635B2412A842C45007B82AE /* Debug */,
				1635B2422A842C45007B82AE /* Release */,
			);
			defaultConfigurationIsVisible = 0;
			defaultConfigurationName = Release;
		};
/* End XCConfigurationList section */
	};
	rootObject = 1635B2242A842C45007B82AE /* Project object */;
}
